
Microsoft Visual Studio Solution File, Format Version 12.00
# Visual Studio Version 16
VisualStudioVersion = 16.0.31911.196
MinimumVisualStudioVersion = 10.0.40219.1
Project("{FAE04EC0-301F-11D3-BF4B-00C04F79EFBC}") = "MeteorologyStationSimulator", "MeteorologyStationSimulator\MeteorologyStationSimulator.csproj", "{11EEBA57-2BBC-4ED0-9460-9DD4B8B7D017}"
EndProject
Global
	GlobalSection(SolutionConfigurationPlatforms) = preSolution
		Debug|Any CPU = Debug|Any CPU
		Release|Any CPU = Release|Any CPU
	EndGlobalSection
	GlobalSection(ProjectConfigurationPlatforms) = postSolution
		{11EEBA57-2BBC-4ED0-9460-9DD4B8B7D017}.Debug|Any CPU.ActiveCfg = Debug|Any CPU
		{11EEBA57-2BBC-4ED0-9460-9DD4B8B7D017}.Debug|Any CPU.Build.0 = Debug|Any CPU
		{11EEBA57-2BBC-4ED0-9460-9DD4B8B7D017}.Release|Any CPU.ActiveCfg = Release|Any CPU
		{11EEBA57-2BBC-4ED0-9460-9DD4B8B7D017}.Release|Any CPU.Build.0 = Release|Any CPU
	EndGlobalSection
	GlobalSection(SolutionProperties) = preSolution
		HideSolutionNode = FALSE
	EndGlobalSection
	GlobalSection(ExtensibilityGlobals) = postSolution
		SolutionGuid = {25CBA3A1-0199-484F-823B-62A7C4F0198C}
	EndGlobalSection
EndGlobal
